PODS:
  - Alamofire (4.3.0)
  - CVCalendar (1.5.0)
  - SwiftyJSON (3.1.4)

DEPENDENCIES:
  - Alamofire (~> 4.3)
  - CVCalendar (~> 1.5.0)
  - SwiftyJSON

SPEC CHECKSUMS:
  Alamofire: 856a113053a7bc9cbe5d6367a555d773fc5cfef7
  CVCalendar: 5d51a7bda1b9439b612de69d86a91a73befa1936
  SwiftyJSON: c2842d878f95482ffceec5709abc3d05680c0220

PODFILE CHECKSUM: 454523234dd19f9f798ddbf11910dd45e28f1343

COCOAPODS: 1.2.1
