// !$*UTF8*$!
{
	archiveVersion = 1;
	classes = {
	};
	objectVersion = 46;
	objects = {

/* Begin PBXBuildFile section */
		2063B7C1CE82EBC4B0216E7B /* Pods_Pupper.framework in Frameworks */ = {isa = PBXBuildFile; fileRef = 74BE8F47CC6BCE9BD2FD45F8 /* Pods_Pupper.framework */; };
		451028231E59D5BE005095B5 /* CalendarViewController.swift in Sources */ = {isa = PBXBuildFile; fileRef = 451028221E59D5BE005095B5 /* CalendarViewController.swift */; };
		45889BBE1E593A22008D1F26 /* BreedTableViewCell.swift in Sources */ = {isa = PBXBuildFile; fileRef = 45889BBD1E593A22008D1F26 /* BreedTableViewCell.swift */; };
		45889BC01E5943CD008D1F26 /* DescriptTableViewCell.swift in Sources */ = {isa = PBXBuildFile; fileRef = 45889BBF1E5943CD008D1F26 /* DescriptTableViewCell.swift */; };
		45A7D7CE1E586D0E00D97A7D /* AppDelegate.swift in Sources */ = {isa = PBXBuildFile; fileRef = 45A7D7CD1E586D0E00D97A7D /* AppDelegate.swift */; };
		45A7D7D01E586D0E00D97A7D /* StartViewController.swift in Sources */ = {isa = PBXBuildFile; fileRef = 45A7D7CF1E586D0E00D97A7D /* StartViewController.swift */; };
		45A7D7D31E586D0E00D97A7D /* Main.storyboard in Resources */ = {isa = PBXBuildFile; fileRef = 45A7D7D11E586D0E00D97A7D /* Main.storyboard */; };
		45A7D7D51E586D0E00D97A7D /* Assets.xcassets in Resources */ = {isa = PBXBuildFile; fileRef = 45A7D7D41E586D0E00D97A7D /* Assets.xcassets */; };
		45A7D7D81E586D0E00D97A7D /* LaunchScreen.storyboard in Resources */ = {isa = PBXBuildFile; fileRef = 45A7D7D61E586D0E00D97A7D /* LaunchScreen.storyboard */; };
		45A7D7E01E58734800D97A7D /* AdoptionTypeViewController.swift in Sources */ = {isa = PBXBuildFile; fileRef = 45A7D7DF1E58734800D97A7D /* AdoptionTypeViewController.swift */; };
		45A7D7E21E5878DD00D97A7D /* Preferences.swift in Sources */ = {isa = PBXBuildFile; fileRef = 45A7D7E11E5878DD00D97A7D /* Preferences.swift */; };
		45A7D7E41E58CC7300D97A7D /* FindDogsViewController.swift in Sources */ = {isa = PBXBuildFile; fileRef = 45A7D7E31E58CC7300D97A7D /* FindDogsViewController.swift */; };
		45B7D6B31E58F98100C66867 /* DogBreeds.swift in Sources */ = {isa = PBXBuildFile; fileRef = 45B7D6B21E58F98100C66867 /* DogBreeds.swift */; };
		45BCF0A11E595EF800931C8C /* Beagle.jpg in Resources */ = {isa = PBXBuildFile; fileRef = 45BCF0851E595EF800931C8C /* Beagle.jpg */; };
		45BCF0A21E595EF800931C8C /* Bloodhound.jpg in Resources */ = {isa = PBXBuildFile; fileRef = 45BCF0861E595EF800931C8C /* Bloodhound.jpg */; };
		45BCF0A31E595EF800931C8C /* Boxer.jpg in Resources */ = {isa = PBXBuildFile; fileRef = 45BCF0871E595EF800931C8C /* Boxer.jpg */; };
		45BCF0A41E595EF800931C8C /* Bulldog.jpg in Resources */ = {isa = PBXBuildFile; fileRef = 45BCF0881E595EF800931C8C /* Bulldog.jpg */; };
		45BCF0A51E595EF800931C8C /* Cattledog.jpg in Resources */ = {isa = PBXBuildFile; fileRef = 45BCF0891E595EF800931C8C /* Cattledog.jpg */; };
		45BCF0A61E595EF800931C8C /* Chihuahua.jpg in Resources */ = {isa = PBXBuildFile; fileRef = 45BCF08A1E595EF800931C8C /* Chihuahua.jpg */; };
		45BCF0A71E595EF800931C8C /* Daschund.jpg in Resources */ = {isa = PBXBuildFile; fileRef = 45BCF08B1E595EF800931C8C /* Daschund.jpg */; };
		45BCF0A81E595EF800931C8C /* Dalmation.jpg in Resources */ = {isa = PBXBuildFile; fileRef = 45BCF08C1E595EF800931C8C /* Dalmation.jpg */; };
		45BCF0A91E595EF800931C8C /* Labrador.jpg in Resources */ = {isa = PBXBuildFile; fileRef = 45BCF08D1E595EF800931C8C /* Labrador.jpg */; };
		45BCF0AA1E595EF800931C8C /* Newfoundland.jpg in Resources */ = {isa = PBXBuildFile; fileRef = 45BCF08E1E595EF800931C8C /* Newfoundland.jpg */; };
		45BCF0AB1E595EF800931C8C /* Poodle.jpg in Resources */ = {isa = PBXBuildFile; fileRef = 45BCF08F1E595EF800931C8C /* Poodle.jpg */; };
		45BCF0AC1E595EF800931C8C /* Pug.jpg in Resources */ = {isa = PBXBuildFile; fileRef = 45BCF0901E595EF800931C8C /* Pug.jpg */; };
		45BCF0AD1E595EF800931C8C /* Sheepdog.jpg in Resources */ = {isa = PBXBuildFile; fileRef = 45BCF0911E595EF800931C8C /* Sheepdog.jpg */; };
		45BCF0AE1E595EF800931C8C /* Terrier.jpg in Resources */ = {isa = PBXBuildFile; fileRef = 45BCF0921E595EF800931C8C /* Terrier.jpg */; };
		45BCF0AF1E595EF800931C8C /* Bassethound.jpg in Resources */ = {isa = PBXBuildFile; fileRef = 45BCF0931E595EF800931C8C /* Bassethound.jpg */; };
		45BCF0B01E595EF800931C8C /* Bichonfrise.jpg in Resources */ = {isa = PBXBuildFile; fileRef = 45BCF0941E595EF800931C8C /* Bichonfrise.jpg */; };
		45BCF0B11E595EF800931C8C /* Collie.jpg in Resources */ = {isa = PBXBuildFile; fileRef = 45BCF0951E595EF800931C8C /* Collie.jpg */; };
		45BCF0B21E595EF800931C8C /* Corgi.jpg in Resources */ = {isa = PBXBuildFile; fileRef = 45BCF0961E595EF800931C8C /* Corgi.jpg */; };
		45BCF0B31E595EF800931C8C /* GoldenRetriever.jpg in Resources */ = {isa = PBXBuildFile; fileRef = 45BCF0971E595EF800931C8C /* GoldenRetriever.jpg */; };
		45BCF0B41E595EF800931C8C /* Greyhound.jpg in Resources */ = {isa = PBXBuildFile; fileRef = 45BCF0981E595EF800931C8C /* Greyhound.jpg */; };
		45BCF0B51E595EF800931C8C /* Maltese.jpg in Resources */ = {isa = PBXBuildFile; fileRef = 45BCF0991E595EF800931C8C /* Maltese.jpg */; };
		45BCF0B61E595EF800931C8C /* Pointer.jpg in Resources */ = {isa = PBXBuildFile; fileRef = 45BCF09A1E595EF800931C8C /* Pointer.jpg */; };
		45BCF0B71E595EF800931C8C /* Pomeranian.jpg in Resources */ = {isa = PBXBuildFile; fileRef = 45BCF09B1E595EF800931C8C /* Pomeranian.jpg */; };
		45BCF0B81E595EF800931C8C /* Schnauzer.jpg in Resources */ = {isa = PBXBuildFile; fileRef = 45BCF09C1E595EF800931C8C /* Schnauzer.jpg */; };
		45BCF0B91E595EF800931C8C /* Setter.jpg in Resources */ = {isa = PBXBuildFile; fileRef = 45BCF09D1E595EF800931C8C /* Setter.jpg */; };
		45BCF0BA1E595EF800931C8C /* Shiz Tsu.jpg in Resources */ = {isa = PBXBuildFile; fileRef = 45BCF09E1E595EF800931C8C /* Shiz Tsu.jpg */; };
		45BCF0BB1E595EF800931C8C /* Spaniel.jpg in Resources */ = {isa = PBXBuildFile; fileRef = 45BCF09F1E595EF800931C8C /* Spaniel.jpg */; };
		45BCF0BC1E595EF800931C8C /* Whippet.jpg in Resources */ = {isa = PBXBuildFile; fileRef = 45BCF0A01E595EF800931C8C /* Whippet.jpg */; };
		45BCF0BE1E5970F700931C8C /* SelectDogTableViewController.swift in Sources */ = {isa = PBXBuildFile; fileRef = 45BCF0BD1E5970F700931C8C /* SelectDogTableViewController.swift */; };
		45BCF0C01E597AD000931C8C /* Chosen.swift in Sources */ = {isa = PBXBuildFile; fileRef = 45BCF0BF1E597AD000931C8C /* Chosen.swift */; };
		45BCF0C21E598D0000931C8C /* ChosenTableViewCell.swift in Sources */ = {isa = PBXBuildFile; fileRef = 45BCF0C11E598D0000931C8C /* ChosenTableViewCell.swift */; };
		E68B84531E590A7F00AE28C2 /* Controller in Resources */ = {isa = PBXBuildFile; fileRef = E68B84521E590A7F00AE28C2 /* Controller */; };
		E68B84601E591B1E00AE28C2 /* FamilyViewController.swift in Sources */ = {isa = PBXBuildFile; fileRef = E68B845A1E591B1E00AE28C2 /* FamilyViewController.swift */; };
		E68B84611E591B1E00AE28C2 /* HomeViewController.swift in Sources */ = {isa = PBXBuildFile; fileRef = E68B845B1E591B1E00AE28C2 /* HomeViewController.swift */; };
		E68B84621E591B1E00AE28C2 /* IdealDogViewController.swift in Sources */ = {isa = PBXBuildFile; fileRef = E68B845C1E591B1E00AE28C2 /* IdealDogViewController.swift */; };
		E68B84631E591B1E00AE28C2 /* LocationViewController.swift in Sources */ = {isa = PBXBuildFile; fileRef = E68B845D1E591B1E00AE28C2 /* LocationViewController.swift */; };
		E68B84641E591B1E00AE28C2 /* NoiseViewController.swift in Sources */ = {isa = PBXBuildFile; fileRef = E68B845E1E591B1E00AE28C2 /* NoiseViewController.swift */; };
		E68B84651E591B1E00AE28C2 /* TypeOfPersonViewController.swift in Sources */ = {isa = PBXBuildFile; fileRef = E68B845F1E591B1E00AE28C2 /* TypeOfPersonViewController.swift */; };
		E68B84671E591CB300AE28C2 /* BreedViewController.swift in Sources */ = {isa = PBXBuildFile; fileRef = E68B84661E591CB300AE28C2 /* BreedViewController.swift */; };
		E68B846B1E592A1900AE28C2 /* dogs.json in Resources */ = {isa = PBXBuildFile; fileRef = E68B846A1E592A1900AE28C2 /* dogs.json */; };
/* End PBXBuildFile section */

/* Begin PBXFileReference section */
		451028221E59D5BE005095B5 /* CalendarViewController.swift */ = {isa = PBXFileReference; fileEncoding = 4; lastKnownFileType = sourcecode.swift; path = CalendarViewController.swift; sourceTree = "<group>"; };
		45889BBD1E593A22008D1F26 /* BreedTableViewCell.swift */ = {isa = PBXFileReference; fileEncoding = 4; lastKnownFileType = sourcecode.swift; path = BreedTableViewCell.swift; sourceTree = "<group>"; };
		45889BBF1E5943CD008D1F26 /* DescriptTableViewCell.swift */ = {isa = PBXFileReference; fileEncoding = 4; lastKnownFileType = sourcecode.swift; path = DescriptTableViewCell.swift; sourceTree = "<group>"; };
		45A7D7CA1E586D0E00D97A7D /* Pupper.app */ = {isa = PBXFileReference; explicitFileType = wrapper.application; includeInIndex = 0; path = Pupper.app; sourceTree = BUILT_PRODUCTS_DIR; };
		45A7D7CD1E586D0E00D97A7D /* AppDelegate.swift */ = {isa = PBXFileReference; lastKnownFileType = sourcecode.swift; path = AppDelegate.swift; sourceTree = "<group>"; };
		45A7D7CF1E586D0E00D97A7D /* StartViewController.swift */ = {isa = PBXFileReference; lastKnownFileType = sourcecode.swift; path = StartViewController.swift; sourceTree = "<group>"; };
		45A7D7D21E586D0E00D97A7D /* Base */ = {isa = PBXFileReference; lastKnownFileType = file.storyboard; name = Base; path = Base.lproj/Main.storyboard; sourceTree = "<group>"; };
		45A7D7D41E586D0E00D97A7D /* Assets.xcassets */ = {isa = PBXFileReference; lastKnownFileType = folder.assetcatalog; path = Assets.xcassets; sourceTree = "<group>"; };
		45A7D7D71E586D0E00D97A7D /* Base */ = {isa = PBXFileReference; lastKnownFileType = file.storyboard; name = Base; path = Base.lproj/LaunchScreen.storyboard; sourceTree = "<group>"; };
		45A7D7D91E586D0E00D97A7D /* Info.plist */ = {isa = PBXFileReference; lastKnownFileType = text.plist.xml; path = Info.plist; sourceTree = "<group>"; };
		45A7D7DF1E58734800D97A7D /* AdoptionTypeViewController.swift */ = {isa = PBXFileReference; fileEncoding = 4; lastKnownFileType = sourcecode.swift; path = AdoptionTypeViewController.swift; sourceTree = "<group>"; };
		45A7D7E11E5878DD00D97A7D /* Preferences.swift */ = {isa = PBXFileReference; fileEncoding = 4; lastKnownFileType = sourcecode.swift; path = Preferences.swift; sourceTree = "<group>"; };
		45A7D7E31E58CC7300D97A7D /* FindDogsViewController.swift */ = {isa = PBXFileReference; fileEncoding = 4; lastKnownFileType = sourcecode.swift; path = FindDogsViewController.swift; sourceTree = "<group>"; };
		45B7D6B21E58F98100C66867 /* DogBreeds.swift */ = {isa = PBXFileReference; fileEncoding = 4; lastKnownFileType = sourcecode.swift; path = DogBreeds.swift; sourceTree = "<group>"; };
		45BCF0851E595EF800931C8C /* Beagle.jpg */ = {isa = PBXFileReference; lastKnownFileType = image.jpeg; path = Beagle.jpg; sourceTree = "<group>"; };
		45BCF0861E595EF800931C8C /* Bloodhound.jpg */ = {isa = PBXFileReference; lastKnownFileType = image.jpeg; path = Bloodhound.jpg; sourceTree = "<group>"; };
		45BCF0871E595EF800931C8C /* Boxer.jpg */ = {isa = PBXFileReference; lastKnownFileType = image.jpeg; path = Boxer.jpg; sourceTree = "<group>"; };
		45BCF0881E595EF800931C8C /* Bulldog.jpg */ = {isa = PBXFileReference; lastKnownFileType = image.jpeg; path = Bulldog.jpg; sourceTree = "<group>"; };
		45BCF0891E595EF800931C8C /* Cattledog.jpg */ = {isa = PBXFileReference; lastKnownFileType = image.jpeg; path = Cattledog.jpg; sourceTree = "<group>"; };
		45BCF08A1E595EF800931C8C /* Chihuahua.jpg */ = {isa = PBXFileReference; lastKnownFileType = image.jpeg; path = Chihuahua.jpg; sourceTree = "<group>"; };
		45BCF08B1E595EF800931C8C /* Daschund.jpg */ = {isa = PBXFileReference; lastKnownFileType = image.jpeg; path = Daschund.jpg; sourceTree = "<group>"; };
		45BCF08C1E595EF800931C8C /* Dalmation.jpg */ = {isa = PBXFileReference; lastKnownFileType = image.jpeg; path = Dalmation.jpg; sourceTree = "<group>"; };
		45BCF08D1E595EF800931C8C /* Labrador.jpg */ = {isa = PBXFileReference; lastKnownFileType = image.jpeg; path = Labrador.jpg; sourceTree = "<group>"; };
		45BCF08E1E595EF800931C8C /* Newfoundland.jpg */ = {isa = PBXFileReference; lastKnownFileType = image.jpeg; path = Newfoundland.jpg; sourceTree = "<group>"; };
		45BCF08F1E595EF800931C8C /* Poodle.jpg */ = {isa = PBXFileReference; lastKnownFileType = image.jpeg; path = Poodle.jpg; sourceTree = "<group>"; };
		45BCF0901E595EF800931C8C /* Pug.jpg */ = {isa = PBXFileReference; lastKnownFileType = image.jpeg; path = Pug.jpg; sourceTree = "<group>"; };
		45BCF0911E595EF800931C8C /* Sheepdog.jpg */ = {isa = PBXFileReference; lastKnownFileType = image.jpeg; path = Sheepdog.jpg; sourceTree = "<group>"; };
		45BCF0921E595EF800931C8C /* Terrier.jpg */ = {isa = PBXFileReference; lastKnownFileType = image.jpeg; path = Terrier.jpg; sourceTree = "<group>"; };
		45BCF0931E595EF800931C8C /* Bassethound.jpg */ = {isa = PBXFileReference; lastKnownFileType = image.jpeg; path = Bassethound.jpg; sourceTree = "<group>"; };
		45BCF0941E595EF800931C8C /* Bichonfrise.jpg */ = {isa = PBXFileReference; lastKnownFileType = image.jpeg; path = Bichonfrise.jpg; sourceTree = "<group>"; };
		45BCF0951E595EF800931C8C /* Collie.jpg */ = {isa = PBXFileReference; lastKnownFileType = image.jpeg; path = Collie.jpg; sourceTree = "<group>"; };
		45BCF0961E595EF800931C8C /* Corgi.jpg */ = {isa = PBXFileReference; lastKnownFileType = image.jpeg; path = Corgi.jpg; sourceTree = "<group>"; };
		45BCF0971E595EF800931C8C /* GoldenRetriever.jpg */ = {isa = PBXFileReference; lastKnownFileType = image.jpeg; path = GoldenRetriever.jpg; sourceTree = "<group>"; };
		45BCF0981E595EF800931C8C /* Greyhound.jpg */ = {isa = PBXFileReference; lastKnownFileType = image.jpeg; path = Greyhound.jpg; sourceTree = "<group>"; };
		45BCF0991E595EF800931C8C /* Maltese.jpg */ = {isa = PBXFileReference; lastKnownFileType = image.jpeg; path = Maltese.jpg; sourceTree = "<group>"; };
		45BCF09A1E595EF800931C8C /* Pointer.jpg */ = {isa = PBXFileReference; lastKnownFileType = image.jpeg; path = Pointer.jpg; sourceTree = "<group>"; };
		45BCF09B1E595EF800931C8C /* Pomeranian.jpg */ = {isa = PBXFileReference; lastKnownFileType = image.jpeg; path = Pomeranian.jpg; sourceTree = "<group>"; };
		45BCF09C1E595EF800931C8C /* Schnauzer.jpg */ = {isa = PBXFileReference; lastKnownFileType = image.jpeg; path = Schnauzer.jpg; sourceTree = "<group>"; };
		45BCF09D1E595EF800931C8C /* Setter.jpg */ = {isa = PBXFileReference; lastKnownFileType = image.jpeg; path = Setter.jpg; sourceTree = "<group>"; };
		45BCF09E1E595EF800931C8C /* Shiz Tsu.jpg */ = {isa = PBXFileReference; lastKnownFileType = image.jpeg; path = "Shiz Tsu.jpg"; sourceTree = "<group>"; };
		45BCF09F1E595EF800931C8C /* Spaniel.jpg */ = {isa = PBXFileReference; lastKnownFileType = image.jpeg; path = Spaniel.jpg; sourceTree = "<group>"; };
		45BCF0A01E595EF800931C8C /* Whippet.jpg */ = {isa = PBXFileReference; lastKnownFileType = image.jpeg; path = Whippet.jpg; sourceTree = "<group>"; };
		45BCF0BD1E5970F700931C8C /* SelectDogTableViewController.swift */ = {isa = PBXFileReference; fileEncoding = 4; lastKnownFileType = sourcecode.swift; path = SelectDogTableViewController.swift; sourceTree = "<group>"; };
		45BCF0BF1E597AD000931C8C /* Chosen.swift */ = {isa = PBXFileReference; fileEncoding = 4; lastKnownFileType = sourcecode.swift; path = Chosen.swift; sourceTree = "<group>"; };
		45BCF0C11E598D0000931C8C /* ChosenTableViewCell.swift */ = {isa = PBXFileReference; fileEncoding = 4; lastKnownFileType = sourcecode.swift; path = ChosenTableViewCell.swift; sourceTree = "<group>"; };
		74BE8F47CC6BCE9BD2FD45F8 /* Pods_Pupper.framework */ = {isa = PBXFileReference; explicitFileType = wrapper.framework; includeInIndex = 0; path = Pods_Pupper.framework; sourceTree = BUILT_PRODUCTS_DIR; };
		D1462292269707E8133B386F /* Pods-Pupper.debug.xcconfig */ = {isa = PBXFileReference; includeInIndex = 1; lastKnownFileType = text.xcconfig; name = "Pods-Pupper.debug.xcconfig"; path = "Pods/Target Support Files/Pods-Pupper/Pods-Pupper.debug.xcconfig"; sourceTree = "<group>"; };
		D6AF696F3C84A3047C8F5749 /* Pods-Pupper.release.xcconfig */ = {isa = PBXFileReference; includeInIndex = 1; lastKnownFileType = text.xcconfig; name = "Pods-Pupper.release.xcconfig"; path = "Pods/Target Support Files/Pods-Pupper/Pods-Pupper.release.xcconfig"; sourceTree = "<group>"; };
		E68B84521E590A7F00AE28C2 /* Controller */ = {isa = PBXFileReference; lastKnownFileType = folder; path = Controller; sourceTree = "<group>"; };
		E68B845A1E591B1E00AE28C2 /* FamilyViewController.swift */ = {isa = PBXFileReference; fileEncoding = 4; lastKnownFileType = sourcecode.swift; name = FamilyViewController.swift; path = Controller/FamilyViewController.swift; sourceTree = "<group>"; };
		E68B845B1E591B1E00AE28C2 /* HomeViewController.swift */ = {isa = PBXFileReference; fileEncoding = 4; lastKnownFileType = sourcecode.swift; name = HomeViewController.swift; path = Controller/HomeViewController.swift; sourceTree = "<group>"; };
		E68B845C1E591B1E00AE28C2 /* IdealDogViewController.swift */ = {isa = PBXFileReference; fileEncoding = 4; lastKnownFileType = sourcecode.swift; name = IdealDogViewController.swift; path = Controller/IdealDogViewController.swift; sourceTree = "<group>"; };
		E68B845D1E591B1E00AE28C2 /* LocationViewController.swift */ = {isa = PBXFileReference; fileEncoding = 4; lastKnownFileType = sourcecode.swift; name = LocationViewController.swift; path = Controller/LocationViewController.swift; sourceTree = "<group>"; };
		E68B845E1E591B1E00AE28C2 /* NoiseViewController.swift */ = {isa = PBXFileReference; fileEncoding = 4; lastKnownFileType = sourcecode.swift; name = NoiseViewController.swift; path = Controller/NoiseViewController.swift; sourceTree = "<group>"; };
		E68B845F1E591B1E00AE28C2 /* TypeOfPersonViewController.swift */ = {isa = PBXFileReference; fileEncoding = 4; lastKnownFileType = sourcecode.swift; name = TypeOfPersonViewController.swift; path = Controller/TypeOfPersonViewController.swift; sourceTree = "<group>"; };
		E68B84661E591CB300AE28C2 /* BreedViewController.swift */ = {isa = PBXFileReference; fileEncoding = 4; lastKnownFileType = sourcecode.swift; path = BreedViewController.swift; sourceTree = "<group>"; };
		E68B846A1E592A1900AE28C2 /* dogs.json */ = {isa = PBXFileReference; fileEncoding = 4; lastKnownFileType = text.json; path = dogs.json; sourceTree = "<group>"; };
/* End PBXFileReference section */

/* Begin PBXFrameworksBuildPhase section */
		45A7D7C71E586D0E00D97A7D /* Frameworks */ = {
			isa = PBXFrameworksBuildPhase;
			buildActionMask = 2147483647;
			files = (
				2063B7C1CE82EBC4B0216E7B /* Pods_Pupper.framework in Frameworks */,
			);
			runOnlyForDeploymentPostprocessing = 0;
		};
/* End PBXFrameworksBuildPhase section */

/* Begin PBXGroup section */
		45A7D7C11E586D0E00D97A7D = {
			isa = PBXGroup;
			children = (
				45A7D7CC1E586D0E00D97A7D /* Pupper */,
				45A7D7CB1E586D0E00D97A7D /* Products */,
				D54A35F98174E37B72025969 /* Pods */,
				9D365142442FA9CC5BFC2AB6 /* Frameworks */,
			);
			sourceTree = "<group>";
		};
		45A7D7CB1E586D0E00D97A7D /* Products */ = {
			isa = PBXGroup;
			children = (
				45A7D7CA1E586D0E00D97A7D /* Pupper.app */,
			);
			name = Products;
			sourceTree = "<group>";
		};
		45A7D7CC1E586D0E00D97A7D /* Pupper */ = {
			isa = PBXGroup;
			children = (
				451028221E59D5BE005095B5 /* CalendarViewController.swift */,
				45BCF0841E595E2E00931C8C /* dogs */,
				45A7D7CD1E586D0E00D97A7D /* AppDelegate.swift */,
				E68B845A1E591B1E00AE28C2 /* FamilyViewController.swift */,
				E68B845B1E591B1E00AE28C2 /* HomeViewController.swift */,
				E68B845C1E591B1E00AE28C2 /* IdealDogViewController.swift */,
				45889BBD1E593A22008D1F26 /* BreedTableViewCell.swift */,
				45BCF0C11E598D0000931C8C /* ChosenTableViewCell.swift */,
				E68B845D1E591B1E00AE28C2 /* LocationViewController.swift */,
				E68B845E1E591B1E00AE28C2 /* NoiseViewController.swift */,
				E68B845F1E591B1E00AE28C2 /* TypeOfPersonViewController.swift */,
				E68B84521E590A7F00AE28C2 /* Controller */,
				45A7D7CF1E586D0E00D97A7D /* StartViewController.swift */,
				45A7D7E31E58CC7300D97A7D /* FindDogsViewController.swift */,
				45BCF0BD1E5970F700931C8C /* SelectDogTableViewController.swift */,
				45A7D7D11E586D0E00D97A7D /* Main.storyboard */,
				45A7D7D41E586D0E00D97A7D /* Assets.xcassets */,
				45A7D7D61E586D0E00D97A7D /* LaunchScreen.storyboard */,
				45A7D7D91E586D0E00D97A7D /* Info.plist */,
				45A7D7DF1E58734800D97A7D /* AdoptionTypeViewController.swift */,
				45A7D7E11E5878DD00D97A7D /* Preferences.swift */,
				45B7D6B21E58F98100C66867 /* DogBreeds.swift */,
				E68B84661E591CB300AE28C2 /* BreedViewController.swift */,
				E68B846A1E592A1900AE28C2 /* dogs.json */,
				45889BBF1E5943CD008D1F26 /* DescriptTableViewCell.swift */,
				45BCF0BF1E597AD000931C8C /* Chosen.swift */,
			);
			path = Pupper;
			sourceTree = "<group>";
		};
		45BCF0841E595E2E00931C8C /* dogs */ = {
			isa = PBXGroup;
			children = (
				45BCF0851E595EF800931C8C /* Beagle.jpg */,
				45BCF0861E595EF800931C8C /* Bloodhound.jpg */,
				45BCF0871E595EF800931C8C /* Boxer.jpg */,
				45BCF0881E595EF800931C8C /* Bulldog.jpg */,
				45BCF0891E595EF800931C8C /* Cattledog.jpg */,
				45BCF08A1E595EF800931C8C /* Chihuahua.jpg */,
				45BCF08B1E595EF800931C8C /* Daschund.jpg */,
				45BCF08C1E595EF800931C8C /* Dalmation.jpg */,
				45BCF08D1E595EF800931C8C /* Labrador.jpg */,
				45BCF08E1E595EF800931C8C /* Newfoundland.jpg */,
				45BCF08F1E595EF800931C8C /* Poodle.jpg */,
				45BCF0901E595EF800931C8C /* Pug.jpg */,
				45BCF0911E595EF800931C8C /* Sheepdog.jpg */,
				45BCF0921E595EF800931C8C /* Terrier.jpg */,
				45BCF0931E595EF800931C8C /* Bassethound.jpg */,
				45BCF0941E595EF800931C8C /* Bichonfrise.jpg */,
				45BCF0951E595EF800931C8C /* Collie.jpg */,
				45BCF0961E595EF800931C8C /* Corgi.jpg */,
				45BCF0971E595EF800931C8C /* GoldenRetriever.jpg */,
				45BCF0981E595EF800931C8C /* Greyhound.jpg */,
				45BCF0991E595EF800931C8C /* Maltese.jpg */,
				45BCF09A1E595EF800931C8C /* Pointer.jpg */,
				45BCF09B1E595EF800931C8C /* Pomeranian.jpg */,
				45BCF09C1E595EF800931C8C /* Schnauzer.jpg */,
				45BCF09D1E595EF800931C8C /* Setter.jpg */,
				45BCF09E1E595EF800931C8C /* Shiz Tsu.jpg */,
				45BCF09F1E595EF800931C8C /* Spaniel.jpg */,
				45BCF0A01E595EF800931C8C /* Whippet.jpg */,
			);
			name = dogs;
			sourceTree = "<group>";
		};
		9D365142442FA9CC5BFC2AB6 /* Frameworks */ = {
			isa = PBXGroup;
			children = (
				74BE8F47CC6BCE9BD2FD45F8 /* Pods_Pupper.framework */,
			);
			name = Frameworks;
			sourceTree = "<group>";
		};
		D54A35F98174E37B72025969 /* Pods */ = {
			isa = PBXGroup;
			children = (
				D1462292269707E8133B386F /* Pods-Pupper.debug.xcconfig */,
				D6AF696F3C84A3047C8F5749 /* Pods-Pupper.release.xcconfig */,
			);
			name = Pods;
			sourceTree = "<group>";
		};
/* End PBXGroup section */

/* Begin PBXNativeTarget section */
		45A7D7C91E586D0E00D97A7D /* Pupper */ = {
			isa = PBXNativeTarget;
			buildConfigurationList = 45A7D7DC1E586D0E00D97A7D /* Build configuration list for PBXNativeTarget "Pupper" */;
			buildPhases = (
				0D46D8BED8EE195A7F0FB00E /* [CP] Check Pods Manifest.lock */,
				45A7D7C61E586D0E00D97A7D /* Sources */,
				45A7D7C71E586D0E00D97A7D /* Frameworks */,
				45A7D7C81E586D0E00D97A7D /* Resources */,
				1E44B6B61BE47BF60A7BA93B /* [CP] Embed Pods Frameworks */,
			);
			buildRules = (
			);
			dependencies = (
			);
			name = Pupper;
			productName = Pupper;
			productReference = 45A7D7CA1E586D0E00D97A7D /* Pupper.app */;
			productType = "com.apple.product-type.application";
		};
/* End PBXNativeTarget section */

/* Begin PBXProject section */
		45A7D7C21E586D0E00D97A7D /* Project object */ = {
			isa = PBXProject;
			attributes = {
				LastSwiftUpdateCheck = 0820;
				LastUpgradeCheck = 0930;
				ORGANIZATIONNAME = Olivia;
				TargetAttributes = {
					45A7D7C91E586D0E00D97A7D = {
						CreatedOnToolsVersion = 8.2.1;
						DevelopmentTeam = 7QQX7GNST9;
						LastSwiftMigration = 0930;
						ProvisioningStyle = Automatic;
					};
				};
			};
			buildConfigurationList = 45A7D7C51E586D0E00D97A7D /* Build configuration list for PBXProject "Pupper" */;
			compatibilityVersion = "Xcode 3.2";
			developmentRegion = English;
			hasScannedForEncodings = 0;
			knownRegions = (
				en,
				Base,
			);
			mainGroup = 45A7D7C11E586D0E00D97A7D;
			productRefGroup = 45A7D7CB1E586D0E00D97A7D /* Products */;
			projectDirPath = "";
			projectRoot = "";
			targets = (
				45A7D7C91E586D0E00D97A7D /* Pupper */,
			);
		};
/* End PBXProject section */

/* Begin PBXResourcesBuildPhase section */
		45A7D7C81E586D0E00D97A7D /* Resources */ = {
			isa = PBXResourcesBuildPhase;
			buildActionMask = 2147483647;
			files = (
				45BCF0A41E595EF800931C8C /* Bulldog.jpg in Resources */,
				45BCF0A31E595EF800931C8C /* Boxer.jpg in Resources */,
				45BCF0B61E595EF800931C8C /* Pointer.jpg in Resources */,
				45A7D7D81E586D0E00D97A7D /* LaunchScreen.storyboard in Resources */,
				45BCF0B51E595EF800931C8C /* Maltese.jpg in Resources */,
				45BCF0BC1E595EF800931C8C /* Whippet.jpg in Resources */,
				45BCF0A61E595EF800931C8C /* Chihuahua.jpg in Resources */,
				45BCF0BB1E595EF800931C8C /* Spaniel.jpg in Resources */,
				45BCF0A51E595EF800931C8C /* Cattledog.jpg in Resources */,
				45A7D7D51E586D0E00D97A7D /* Assets.xcassets in Resources */,
				45BCF0A91E595EF800931C8C /* Labrador.jpg in Resources */,
				E68B84531E590A7F00AE28C2 /* Controller in Resources */,
				45BCF0A11E595EF800931C8C /* Beagle.jpg in Resources */,
				45BCF0A81E595EF800931C8C /* Dalmation.jpg in Resources */,
				45BCF0BA1E595EF800931C8C /* Shiz Tsu.jpg in Resources */,
				45BCF0B91E595EF800931C8C /* Setter.jpg in Resources */,
				45BCF0B81E595EF800931C8C /* Schnauzer.jpg in Resources */,
				45BCF0AF1E595EF800931C8C /* Bassethound.jpg in Resources */,
				45BCF0B31E595EF800931C8C /* GoldenRetriever.jpg in Resources */,
				45BCF0AE1E595EF800931C8C /* Terrier.jpg in Resources */,
				45BCF0B01E595EF800931C8C /* Bichonfrise.jpg in Resources */,
				45BCF0B11E595EF800931C8C /* Collie.jpg in Resources */,
				45BCF0A21E595EF800931C8C /* Bloodhound.jpg in Resources */,
				45BCF0AA1E595EF800931C8C /* Newfoundland.jpg in Resources */,
				45BCF0AB1E595EF800931C8C /* Poodle.jpg in Resources */,
				45BCF0B21E595EF800931C8C /* Corgi.jpg in Resources */,
				45A7D7D31E586D0E00D97A7D /* Main.storyboard in Resources */,
				45BCF0B41E595EF800931C8C /* Greyhound.jpg in Resources */,
				45BCF0B71E595EF800931C8C /* Pomeranian.jpg in Resources */,
				45BCF0AD1E595EF800931C8C /* Sheepdog.jpg in Resources */,
				45BCF0A71E595EF800931C8C /* Daschund.jpg in Resources */,
				45BCF0AC1E595EF800931C8C /* Pug.jpg in Resources */,
				E68B846B1E592A1900AE28C2 /* dogs.json in Resources */,
			);
			runOnlyForDeploymentPostprocessing = 0;
		};
/* End PBXResourcesBuildPhase section */

/* Begin PBXShellScriptBuildPhase section */
		0D46D8BED8EE195A7F0FB00E /* [CP] Check Pods Manifest.lock */ = {
			isa = PBXShellScriptBuildPhase;
			buildActionMask = 2147483647;
			files = (
			);
			inputPaths = (
				"${PODS_PODFILE_DIR_PATH}/Podfile.lock",
				"${PODS_ROOT}/Manifest.lock",
			);
			name = "[CP] Check Pods Manifest.lock";
			outputPaths = (
				"$(DERIVED_FILE_DIR)/Pods-Pupper-checkManifestLockResult.txt",
			);
			runOnlyForDeploymentPostprocessing = 0;
			shellPath = /bin/sh;
			shellScript = "diff \"${PODS_PODFILE_DIR_PATH}/Podfile.lock\" \"${PODS_ROOT}/Manifest.lock\" > /dev/null\nif [ $? != 0 ] ; then\n    # print error to STDERR\n    echo \"error: The sandbox is not in sync with the Podfile.lock. Run 'pod install' or update your CocoaPods installation.\" >&2\n    exit 1\nfi\n# This output is used by Xcode 'outputs' to avoid re-running this script phase.\necho \"SUCCESS\" > \"${SCRIPT_OUTPUT_FILE_0}\"\n";
			showEnvVarsInLog = 0;
		};
		1E44B6B61BE47BF60A7BA93B /* [CP] Embed Pods Frameworks */ = {
			isa = PBXShellScriptBuildPhase;
			buildActionMask = 2147483647;
			files = (
			);
			inputPaths = (
				"${SRCROOT}/Pods/Target Support Files/Pods-Pupper/Pods-Pupper-frameworks.sh",
				"${BUILT_PRODUCTS_DIR}/Alamofire/Alamofire.framework",
				"${BUILT_PRODUCTS_DIR}/CVCalendar/CVCalendar.framework",
				"${BUILT_PRODUCTS_DIR}/SwiftyJSON/SwiftyJSON.framework",
			);
			name = "[CP] Embed Pods Frameworks";
			outputPaths = (
				"${TARGET_BUILD_DIR}/${FRAMEWORKS_FOLDER_PATH}/Alamofire.framework",
				"${TARGET_BUILD_DIR}/${FRAMEWORKS_FOLDER_PATH}/CVCalendar.framework",
				"${TARGET_BUILD_DIR}/${FRAMEWORKS_FOLDER_PATH}/SwiftyJSON.framework",
			);
			runOnlyForDeploymentPostprocessing = 0;
			shellPath = /bin/sh;
			shellScript = "\"${SRCROOT}/Pods/Target Support Files/Pods-Pupper/Pods-Pupper-frameworks.sh\"\n";
			showEnvVarsInLog = 0;
		};
/* End PBXShellScriptBuildPhase section */

/* Begin PBXSourcesBuildPhase section */
		45A7D7C61E586D0E00D97A7D /* Sources */ = {
			isa = PBXSourcesBuildPhase;
			buildActionMask = 2147483647;
			files = (
				45889BC01E5943CD008D1F26 /* DescriptTableViewCell.swift in Sources */,
				45BCF0C01E597AD000931C8C /* Chosen.swift in Sources */,
				E68B84651E591B1E00AE28C2 /* TypeOfPersonViewController.swift in Sources */,
				E68B84601E591B1E00AE28C2 /* FamilyViewController.swift in Sources */,
				45A7D7D01E586D0E00D97A7D /* StartViewController.swift in Sources */,
				E68B84641E591B1E00AE28C2 /* NoiseViewController.swift in Sources */,
				45A7D7E01E58734800D97A7D /* AdoptionTypeViewController.swift in Sources */,
				45BCF0BE1E5970F700931C8C /* SelectDogTableViewController.swift in Sources */,
				E68B84611E591B1E00AE28C2 /* HomeViewController.swift in Sources */,
				45889BBE1E593A22008D1F26 /* BreedTableViewCell.swift in Sources */,
				451028231E59D5BE005095B5 /* CalendarViewController.swift in Sources */,
				E68B84621E591B1E00AE28C2 /* IdealDogViewController.swift in Sources */,
				E68B84631E591B1E00AE28C2 /* LocationViewController.swift in Sources */,
				45A7D7E21E5878DD00D97A7D /* Preferences.swift in Sources */,
				E68B84671E591CB300AE28C2 /* BreedViewController.swift in Sources */,
				45A7D7CE1E586D0E00D97A7D /* AppDelegate.swift in Sources */,
				45A7D7E41E58CC7300D97A7D /* FindDogsViewController.swift in Sources */,
				45B7D6B31E58F98100C66867 /* DogBreeds.swift in Sources */,
				45BCF0C21E598D0000931C8C /* ChosenTableViewCell.swift in Sources */,
			);
			runOnlyForDeploymentPostprocessing = 0;
		};
/* End PBXSourcesBuildPhase section */

/* Begin PBXVariantGroup section */
		45A7D7D11E586D0E00D97A7D /* Main.storyboard */ = {
			isa = PBXVariantGroup;
			children = (
				45A7D7D21E586D0E00D97A7D /* Base */,
			);
			name = Main.storyboard;
			sourceTree = "<group>";
		};
		45A7D7D61E586D0E00D97A7D /* LaunchScreen.storyboard */ = {
			isa = PBXVariantGroup;
			children = (
				45A7D7D71E586D0E00D97A7D /* Base */,
			);
			name = LaunchScreen.storyboard;
			sourceTree = "<group>";
		};
/* End PBXVariantGroup section */

/* Begin XCBuildConfiguration section */
		45A7D7DA1E586D0E00D97A7D /* Debug */ = {
			isa = XCBuildConfiguration;
			buildSettings = {
				ALWAYS_SEARCH_USER_PATHS = NO;
				CLANG_ANALYZER_NONNULL = YES;
				CLANG_CXX_LANGUAGE_STANDARD = "gnu++0x";
				CLANG_CXX_LIBRARY = "libc++";
				CLANG_ENABLE_MODULES = YES;
				CLANG_ENABLE_OBJC_ARC = YES;
				CLANG_WARN_BLOCK_CAPTURE_AUTORELEASING = YES;
				CLANG_WARN_BOOL_CONVERSION = YES;
				CLANG_WARN_COMMA = YES;
				CLANG_WARN_CONSTANT_CONVERSION = YES;
				CLANG_WARN_DEPRECATED_OBJC_IMPLEMENTATIONS = YES;
				CLANG_WARN_DIRECT_OBJC_ISA_USAGE = YES_ERROR;
				CLANG_WARN_DOCUMENTATION_COMMENTS = YES;
				CLANG_WARN_EMPTY_BODY = YES;
				CLANG_WARN_ENUM_CONVERSION = YES;
				CLANG_WARN_INFINITE_RECURSION = YES;
				CLANG_WARN_INT_CONVERSION = YES;
				CLANG_WARN_NON_LITERAL_NULL_CONVERSION = YES;
				CLANG_WARN_OBJC_IMPLICIT_RETAIN_SELF = YES;
				CLANG_WARN_OBJC_LITERAL_CONVERSION = YES;
				CLANG_WARN_OBJC_ROOT_CLASS = YES_ERROR;
				CLANG_WARN_RANGE_LOOP_ANALYSIS = YES;
				CLANG_WARN_STRICT_PROTOTYPES = YES;
				CLANG_WARN_SUSPICIOUS_MOVE = YES;
				CLANG_WARN_UNREACHABLE_CODE = YES;
				CLANG_WARN__DUPLICATE_METHOD_MATCH = YES;
				"CODE_SIGN_IDENTITY[sdk=iphoneos*]" = "iPhone Developer";
				COPY_PHASE_STRIP = NO;
				DEBUG_INFORMATION_FORMAT = dwarf;
				ENABLE_STRICT_OBJC_MSGSEND = YES;
				ENABLE_TESTABILITY = YES;
				GCC_C_LANGUAGE_STANDARD = gnu99;
				GCC_DYNAMIC_NO_PIC = NO;
				GCC_NO_COMMON_BLOCKS = YES;
				GCC_OPTIMIZATION_LEVEL = 0;
				GCC_PREPROCESSOR_DEFINITIONS = (
					"DEBUG=1",
					"$(inherited)",
				);
				GCC_WARN_64_TO_32_BIT_CONVERSION = YES;
				GCC_WARN_ABOUT_RETURN_TYPE = YES_ERROR;
				GCC_WARN_UNDECLARED_SELECTOR = YES;
				GCC_WARN_UNINITIALIZED_AUTOS = YES_AGGRESSIVE;
				GCC_WARN_UNUSED_FUNCTION = YES;
				GCC_WARN_UNUSED_VARIABLE = YES;
				IPHONEOS_DEPLOYMENT_TARGET = 10.2;
				MTL_ENABLE_DEBUG_INFO = YES;
				ONLY_ACTIVE_ARCH = YES;
				SDKROOT = iphoneos;
				SWIFT_ACTIVE_COMPILATION_CONDITIONS = DEBUG;
				SWIFT_OPTIMIZATION_LEVEL = "-Onone";
			};
			name = Debug;
		};
		45A7D7DB1E586D0E00D97A7D /* Release */ = {
			isa = XCBuildConfiguration;
			buildSettings = {
				ALWAYS_SEARCH_USER_PATHS = NO;
				CLANG_ANALYZER_NONNULL = YES;
				CLANG_CXX_LANGUAGE_STANDARD = "gnu++0x";
				CLANG_CXX_LIBRARY = "libc++";
				CLANG_ENABLE_MODULES = YES;
				CLANG_ENABLE_OBJC_ARC = YES;
				CLANG_WARN_BLOCK_CAPTURE_AUTORELEASING = YES;
				CLANG_WARN_BOOL_CONVERSION = YES;
				CLANG_WARN_COMMA = YES;
				CLANG_WARN_CONSTANT_CONVERSION = YES;
				CLANG_WARN_DEPRECATED_OBJC_IMPLEMENTATIONS = YES;
				CLANG_WARN_DIRECT_OBJC_ISA_USAGE = YES_ERROR;
				CLANG_WARN_DOCUMENTATION_COMMENTS = YES;
				CLANG_WARN_EMPTY_BODY = YES;
				CLANG_WARN_ENUM_CONVERSION = YES;
				CLANG_WARN_INFINITE_RECURSION = YES;
				CLANG_WARN_INT_CONVERSION = YES;
				CLANG_WARN_NON_LITERAL_NULL_CONVERSION = YES;
				CLANG_WARN_OBJC_IMPLICIT_RETAIN_SELF = YES;
				CLANG_WARN_OBJC_LITERAL_CONVERSION = YES;
				CLANG_WARN_OBJC_ROOT_CLASS = YES_ERROR;
				CLANG_WARN_RANGE_LOOP_ANALYSIS = YES;
				CLANG_WARN_STRICT_PROTOTYPES = YES;
				CLANG_WARN_SUSPICIOUS_MOVE = YES;
				CLANG_WARN_UNREACHABLE_CODE = YES;
				CLANG_WARN__DUPLICATE_METHOD_MATCH = YES;
				"CODE_SIGN_IDENTITY[sdk=iphoneos*]" = "iPhone Developer";
				COPY_PHASE_STRIP = NO;
				DEBUG_INFORMATION_FORMAT = "dwarf-with-dsym";
				ENABLE_NS_ASSERTIONS = NO;
				ENABLE_STRICT_OBJC_MSGSEND = YES;
				GCC_C_LANGUAGE_STANDARD = gnu99;
				GCC_NO_COMMON_BLOCKS = YES;
				GCC_WARN_64_TO_32_BIT_CONVERSION = YES;
				GCC_WARN_ABOUT_RETURN_TYPE = YES_ERROR;
				GCC_WARN_UNDECLARED_SELECTOR = YES;
				GCC_WARN_UNINITIALIZED_AUTOS = YES_AGGRESSIVE;
				GCC_WARN_UNUSED_FUNCTION = YES;
				GCC_WARN_UNUSED_VARIABLE = YES;
				IPHONEOS_DEPLOYMENT_TARGET = 10.2;
				MTL_ENABLE_DEBUG_INFO = NO;
				SDKROOT = iphoneos;
				SWIFT_OPTIMIZATION_LEVEL = "-Owholemodule";
				VALIDATE_PRODUCT = YES;
			};
			name = Release;
		};
		45A7D7DD1E586D0E00D97A7D /* Debug */ = {
			isa = XCBuildConfiguration;
			baseConfigurationReference = D1462292269707E8133B386F /* Pods-Pupper.debug.xcconfig */;
			buildSettings = {
				ASSETCATALOG_COMPILER_APPICON_NAME = AppIcon;
				DEVELOPMENT_TEAM = 7QQX7GNST9;
				INFOPLIST_FILE = Pupper/Info.plist;
				IPHONEOS_DEPLOYMENT_TARGET = 10.2;
				LD_RUNPATH_SEARCH_PATHS = "$(inherited) @executable_path/Frameworks";
				PRODUCT_BUNDLE_IDENTIFIER = com.okitsolivia.pupper.Pupper;
				PRODUCT_NAME = "$(TARGET_NAME)";
				SWIFT_SWIFT3_OBJC_INFERENCE = On;
				SWIFT_VERSION = 4.0;
			};
			name = Debug;
		};
		45A7D7DE1E586D0E00D97A7D /* Release */ = {
			isa = XCBuildConfiguration;
			baseConfigurationReference = D6AF696F3C84A3047C8F5749 /* Pods-Pupper.release.xcconfig */;
			buildSettings = {
				ASSETCATALOG_COMPILER_APPICON_NAME = AppIcon;
				DEVELOPMENT_TEAM = 7QQX7GNST9;
				INFOPLIST_FILE = Pupper/Info.plist;
				IPHONEOS_DEPLOYMENT_TARGET = 10.2;
				LD_RUNPATH_SEARCH_PATHS = "$(inherited) @executable_path/Frameworks";
				PRODUCT_BUNDLE_IDENTIFIER = com.okitsolivia.pupper.Pupper;
				PRODUCT_NAME = "$(TARGET_NAME)";
				SWIFT_SWIFT3_OBJC_INFERENCE = On;
				SWIFT_VERSION = 4.0;
			};
			name = Release;
		};
/* End XCBuildConfiguration section */

/* Begin XCConfigurationList section */
		45A7D7C51E586D0E00D97A7D /* Build configuration list for PBXProject "Pupper" */ = {
			isa = XCConfigurationList;
			buildConfigurations = (
				45A7D7DA1E586D0E00D97A7D /* Debug */,
				45A7D7DB1E586D0E00D97A7D /* Release */,
			);
			defaultConfigurationIsVisible = 0;
			defaultConfigurationName = Release;
		};
		45A7D7DC1E586D0E00D97A7D /* Build configuration list for PBXNativeTarget "Pupper" */ = {
			isa = XCConfigurationList;
			buildConfigurations = (
				45A7D7DD1E586D0E00D97A7D /* Debug */,
				45A7D7DE1E586D0E00D97A7D /* Release */,
			);
			defaultConfigurationIsVisible = 0;
			defaultConfigurationName = Release;
		};
/* End XCConfigurationList section */
	};
	rootObject = 45A7D7C21E586D0E00D97A7D /* Project object */;
}
